
Microsoft Visual Studio Solution File, Format Version 12.00
# Visual Studio 15
VisualStudioVersion = 15.0.26403.0
MinimumVisualStudioVersion = 10.0.40219.1
Project("{FAE04EC0-301F-11D3-BF4B-00C04F79EFBC}") = "OwinConsole", "OwinConsole\OwinConsole.csproj", "{6C3D7BD8-FA2D-4A9A-9D44-EA4AB11C8D52}"
EndProject
Global
	GlobalSection(SolutionConfigurationPlatforms) = preSolution
		Debug|Any CPU = Debug|Any CPU
		Release|Any CPU = Release|Any CPU
	EndGlobalSection
	GlobalSection(ProjectConfigurationPlatforms) = postSolution
		{6C3D7BD8-FA2D-4A9A-9D44-EA4AB11C8D52}.Debug|Any CPU.ActiveCfg = Debug|Any CPU
		{6C3D7BD8-FA2D-4A9A-9D44-EA4AB11C8D52}.Debug|Any CPU.Build.0 = Debug|Any CPU
		{6C3D7BD8-FA2D-4A9A-9D44-EA4AB11C8D52}.Release|Any CPU.ActiveCfg = Release|Any CPU
		{6C3D7BD8-FA2D-4A9A-9D44-EA4AB11C8D52}.Release|Any CPU.Build.0 = Release|Any CPU
	EndGlobalSection
	GlobalSection(SolutionProperties) = preSolution
		HideSolutionNode = FALSE
	EndGlobalSection
EndGlobal
